
Microsoft Visual Studio Solution File, Format Version 12.00
# Visual Studio Version 17
VisualStudioVersion = 17.5.33424.131
MinimumVisualStudioVersion = 10.0.40219.1
Project("{FAE04EC0-301F-11D3-BF4B-00C04F79EFBC}") = "Excel_At_Uni_API", "Excel_At_Uni_API\Excel_At_Uni_API.csproj", "{05EAA696-E8D0-401A-8A8C-613C9FA72028}"
EndProject
Global
	GlobalSection(SolutionConfigurationPlatforms) = preSolution
		Debug|Any CPU = Debug|Any CPU
		Release|Any CPU = Release|Any CPU
	EndGlobalSection
	GlobalSection(ProjectConfigurationPlatforms) = postSolution
		{05EAA696-E8D0-401A-8A8C-613C9FA72028}.Debug|Any CPU.ActiveCfg = Debug|Any CPU
		{05EAA696-E8D0-401A-8A8C-613C9FA72028}.Debug|Any CPU.Build.0 = Debug|Any CPU
		{05EAA696-E8D0-401A-8A8C-613C9FA72028}.Release|Any CPU.ActiveCfg = Release|Any CPU
		{05EAA696-E8D0-401A-8A8C-613C9FA72028}.Release|Any CPU.Build.0 = Release|Any CPU
	EndGlobalSection
	GlobalSection(SolutionProperties) = preSolution
		HideSolutionNode = FALSE
	EndGlobalSection
	GlobalSection(ExtensibilityGlobals) = postSolution
		SolutionGuid = {749E2B78-9BBF-4A8E-8C98-747A6BAEDB3F}
	EndGlobalSection
EndGlobal
